// !$*UTF8*$!
{
	archiveVersion = 1;
	classes = {
	};
	objectVersion = 46;
	objects = {

/* Begin PBXBuildFile section */
		D6EA41D11CB4061C009A584E /* AppDelegate.swift in Sources */ = {isa = PBXBuildFile; fileRef = D6EA41D01CB4061C009A584E /* AppDelegate.swift */; };
		D6EA41D31CB4061C009A584E /* ViewController.swift in Sources */ = {isa = PBXBuildFile; fileRef = D6EA41D21CB4061C009A584E /* ViewController.swift */; };
		D6EA41D61CB4061C009A584E /* Main.storyboard in Resources */ = {isa = PBXBuildFile; fileRef = D6EA41D41CB4061C009A584E /* Main.storyboard */; };
		D6EA41D81CB4061C009A584E /* Assets.xcassets in Resources */ = {isa = PBXBuildFile; fileRef = D6EA41D71CB4061C009A584E /* Assets.xcassets */; };
		D6EA41DB1CB4061C009A584E /* LaunchScreen.storyboard in Resources */ = {isa = PBXBuildFile; fileRef = D6EA41D91CB4061C009A584E /* LaunchScreen.storyboard */; };
		D6EA42011CB40AE0009A584E /* BeaconManager.swift in Sources */ = {isa = PBXBuildFile; fileRef = D6EA42001CB40AE0009A584E /* BeaconManager.swift */; };
/* End PBXBuildFile section */

/* Begin PBXFileReference section */
		D6EA41CD1CB4061C009A584E /* BeaconXmtr.app */ = {isa = PBXFileReference; explicitFileType = wrapper.application; includeInIndex = 0; path = BeaconXmtr.app; sourceTree = BUILT_PRODUCTS_DIR; };
		D6EA41D01CB4061C009A584E /* AppDelegate.swift */ = {isa = PBXFileReference; lastKnownFileType = sourcecode.swift; path = AppDelegate.swift; sourceTree = "<group>"; };
		D6EA41D21CB4061C009A584E /* ViewController.swift */ = {isa = PBXFileReference; lastKnownFileType = sourcecode.swift; path = ViewController.swift; sourceTree = "<group>"; };
		D6EA41D51CB4061C009A584E /* Base */ = {isa = PBXFileReference; lastKnownFileType = file.storyboard; name = Base; path = Base.lproj/Main.storyboard; sourceTree = "<group>"; };
		D6EA41D71CB4061C009A584E /* Assets.xcassets */ = {isa = PBXFileReference; lastKnownFileType = folder.assetcatalog; path = Assets.xcassets; sourceTree = "<group>"; };
		D6EA41DA1CB4061C009A584E /* Base */ = {isa = PBXFileReference; lastKnownFileType = file.storyboard; name = Base; path = Base.lproj/LaunchScreen.storyboard; sourceTree = "<group>"; };
		D6EA41DC1CB4061C009A584E /* Info.plist */ = {isa = PBXFileReference; lastKnownFileType = text.plist.xml; path = Info.plist; sourceTree = "<group>"; };
		D6EA42001CB40AE0009A584E /* BeaconManager.swift */ = {isa = PBXFileReference; fileEncoding = 4; lastKnownFileType = sourcecode.swift; path = BeaconManager.swift; sourceTree = "<group>"; };
/* End PBXFileReference section */

/* Begin PBXFrameworksBuildPhase section */
		D6EA41CA1CB4061C009A584E /* Frameworks */ = {
			isa = PBXFrameworksBuildPhase;
			buildActionMask = 2147483647;
			files = (
			);
			runOnlyForDeploymentPostprocessing = 0;
		};
/* End PBXFrameworksBuildPhase section */

/* Begin PBXGroup section */
		D6EA41C41CB4061C009A584E = {
			isa = PBXGroup;
			children = (
				D6EA41CF1CB4061C009A584E /* BeaconXmtr */,
				D6EA41CE1CB4061C009A584E /* Products */,
			);
			sourceTree = "<group>";
		};
		D6EA41CE1CB4061C009A584E /* Products */ = {
			isa = PBXGroup;
			children = (
				D6EA41CD1CB4061C009A584E /* BeaconXmtr.app */,
			);
			name = Products;
			sourceTree = "<group>";
		};
		D6EA41CF1CB4061C009A584E /* BeaconXmtr */ = {
			isa = PBXGroup;
			children = (
				D6EA42001CB40AE0009A584E /* BeaconManager.swift */,
				D6EA41D01CB4061C009A584E /* AppDelegate.swift */,
				D6EA41D21CB4061C009A584E /* ViewController.swift */,
				D6EA41D41CB4061C009A584E /* Main.storyboard */,
				D6EA41D71CB4061C009A584E /* Assets.xcassets */,
				D6EA41D91CB4061C009A584E /* LaunchScreen.storyboard */,
				D6EA41DC1CB4061C009A584E /* Info.plist */,
			);
			path = BeaconXmtr;
			sourceTree = "<group>";
		};
/* End PBXGroup section */

/* Begin PBXNativeTarget section */
		D6EA41CC1CB4061C009A584E /* BeaconXmtr */ = {
			isa = PBXNativeTarget;
			buildConfigurationList = D6EA41DF1CB4061C009A584E /* Build configuration list for PBXNativeTarget "BeaconXmtr" */;
			buildPhases = (
				D6EA41C91CB4061C009A584E /* Sources */,
				D6EA41CA1CB4061C009A584E /* Frameworks */,
				D6EA41CB1CB4061C009A584E /* Resources */,
			);
			buildRules = (
			);
			dependencies = (
			);
			name = BeaconXmtr;
			productName = BeaconXmtr;
			productReference = D6EA41CD1CB4061C009A584E /* BeaconXmtr.app */;
			productType = "com.apple.product-type.application";
		};
/* End PBXNativeTarget section */

/* Begin PBXProject section */
		D6EA41C51CB4061C009A584E /* Project object */ = {
			isa = PBXProject;
			attributes = {
				LastSwiftUpdateCheck = 0730;
				LastUpgradeCheck = 0730;
				ORGANIZATIONNAME = Imprivata;
				TargetAttributes = {
					D6EA41CC1CB4061C009A584E = {
						CreatedOnToolsVersion = 7.3;
					};
				};
			};
			buildConfigurationList = D6EA41C81CB4061C009A584E /* Build configuration list for PBXProject "BeaconXmtr" */;
			compatibilityVersion = "Xcode 3.2";
			developmentRegion = English;
			hasScannedForEncodings = 0;
			knownRegions = (
				en,
				Base,
			);
			mainGroup = D6EA41C41CB4061C009A584E;
			productRefGroup = D6EA41CE1CB4061C009A584E /* Products */;
			projectDirPath = "";
			projectRoot = "";
			targets = (
				D6EA41CC1CB4061C009A584E /* BeaconXmtr */,
			);
		};
/* End PBXProject section */

/* Begin PBXResourcesBuildPhase section */
		D6EA41CB1CB4061C009A584E /* Resources */ = {
			isa = PBXResourcesBuildPhase;
			buildActionMask = 2147483647;
			files = (
				D6EA41DB1CB4061C009A584E /* LaunchScreen.storyboard in Resources */,
				D6EA41D81CB4061C009A584E /* Assets.xcassets in Resources */,
				D6EA41D61CB4061C009A584E /* Main.storyboard in Resources */,
			);
			runOnlyForDeploymentPostprocessing = 0;
		};
/* End PBXResourcesBuildPhase section */

/* Begin PBXSourcesBuildPhase section */
		D6EA41C91CB4061C009A584E /* Sources */ = {
			isa = PBXSourcesBuildPhase;
			buildActionMask = 2147483647;
			files = (
				D6EA42011CB40AE0009A584E /* BeaconManager.swift in Sources */,
				D6EA41D31CB4061C009A584E /* ViewController.swift in Sources */,
				D6EA41D11CB4061C009A584E /* AppDelegate.swift in Sources */,
			);
			runOnlyForDeploymentPostprocessing = 0;
		};
/* End PBXSourcesBuildPhase section */

/* Begin PBXVariantGroup section */
		D6EA41D41CB4061C009A584E /* Main.storyboard */ = {
			isa = PBXVariantGroup;
			children = (
				D6EA41D51CB4061C009A584E /* Base */,
			);
			name = Main.storyboard;
			sourceTree = "<group>";
		};
		D6EA41D91CB4061C009A584E /* LaunchScreen.storyboard */ = {
			isa = PBXVariantGroup;
			children = (
				D6EA41DA1CB4061C009A584E /* Base */,
			);
			name = LaunchScreen.storyboard;
			sourceTree = "<group>";
		};
/* End PBXVariantGroup section */

/* Begin XCBuildConfiguration section */
		D6EA41DD1CB4061C009A584E /* Debug */ = {
			isa = XCBuildConfiguration;
			buildSettings = {
				ALWAYS_SEARCH_USER_PATHS = NO;
				CLANG_ANALYZER_NONNULL = YES;
				CLANG_CXX_LANGUAGE_STANDARD = "gnu++0x";
				CLANG_CXX_LIBRARY = "libc++";
				CLANG_ENABLE_MODULES = YES;
				CLANG_ENABLE_OBJC_ARC = YES;
				CLANG_WARN_BOOL_CONVERSION = YES;
				CLANG_WARN_CONSTANT_CONVERSION = YES;
				CLANG_WARN_DIRECT_OBJC_ISA_USAGE = YES_ERROR;
				CLANG_WARN_EMPTY_BODY = YES;
				CLANG_WARN_ENUM_CONVERSION = YES;
				CLANG_WARN_INT_CONVERSION = YES;
				CLANG_WARN_OBJC_ROOT_CLASS = YES_ERROR;
				CLANG_WARN_UNREACHABLE_CODE = YES;
				CLANG_WARN__DUPLICATE_METHOD_MATCH = YES;
				"CODE_SIGN_IDENTITY[sdk=iphoneos*]" = "iPhone Developer";
				COPY_PHASE_STRIP = NO;
				DEBUG_INFORMATION_FORMAT = dwarf;
				ENABLE_STRICT_OBJC_MSGSEND = YES;
				ENABLE_TESTABILITY = YES;
				GCC_C_LANGUAGE_STANDARD = gnu99;
				GCC_DYNAMIC_NO_PIC = NO;
				GCC_NO_COMMON_BLOCKS = YES;
				GCC_OPTIMIZATION_LEVEL = 0;
				GCC_PREPROCESSOR_DEFINITIONS = (
					"DEBUG=1",
					"$(inherited)",
				);
				GCC_WARN_64_TO_32_BIT_CONVERSION = YES;
				GCC_WARN_ABOUT_RETURN_TYPE = YES_ERROR;
				GCC_WARN_UNDECLARED_SELECTOR = YES;
				GCC_WARN_UNINITIALIZED_AUTOS = YES_AGGRESSIVE;
				GCC_WARN_UNUSED_FUNCTION = YES;
				GCC_WARN_UNUSED_VARIABLE = YES;
				IPHONEOS_DEPLOYMENT_TARGET = 9.3;
				MTL_ENABLE_DEBUG_INFO = YES;
				ONLY_ACTIVE_ARCH = YES;
				SDKROOT = iphoneos;
				SWIFT_OPTIMIZATION_LEVEL = "-Onone";
				TARGETED_DEVICE_FAMILY = "1,2";
			};
			name = Debug;
		};
		D6EA41DE1CB4061C009A584E /* Release */ = {
			isa = XCBuildConfiguration;
			buildSettings = {
				ALWAYS_SEARCH_USER_PATHS = NO;
				CLANG_ANALYZER_NONNULL = YES;
				CLANG_CXX_LANGUAGE_STANDARD = "gnu++0x";
				CLANG_CXX_LIBRARY = "libc++";
				CLANG_ENABLE_MODULES = YES;
				CLANG_ENABLE_OBJC_ARC = YES;
				CLANG_WARN_BOOL_CONVERSION = YES;
				CLANG_WARN_CONSTANT_CONVERSION = YES;
				CLANG_WARN_DIRECT_OBJC_ISA_USAGE = YES_ERROR;
				CLANG_WARN_EMPTY_BODY = YES;
				CLANG_WARN_ENUM_CONVERSION = YES;
				CLANG_WARN_INT_CONVERSION = YES;
				CLANG_WARN_OBJC_ROOT_CLASS = YES_ERROR;
				CLANG_WARN_UNREACHABLE_CODE = YES;
				CLANG_WARN__DUPLICATE_METHOD_MATCH = YES;
				"CODE_SIGN_IDENTITY[sdk=iphoneos*]" = "iPhone Developer";
				COPY_PHASE_STRIP = NO;
				DEBUG_INFORMATION_FORMAT = "dwarf-with-dsym";
				ENABLE_NS_ASSERTIONS = NO;
				ENABLE_STRICT_OBJC_MSGSEND = YES;
				GCC_C_LANGUAGE_STANDARD = gnu99;
				GCC_NO_COMMON_BLOCKS = YES;
				GCC_WARN_64_TO_32_BIT_CONVERSION = YES;
				GCC_WARN_ABOUT_RETURN_TYPE = YES_ERROR;
				GCC_WARN_UNDECLARED_SELECTOR = YES;
				GCC_WARN_UNINITIALIZED_AUTOS = YES_AGGRESSIVE;
				GCC_WARN_UNUSED_FUNCTION = YES;
				GCC_WARN_UNUSED_VARIABLE = YES;
				IPHONEOS_DEPLOYMENT_TARGET = 9.3;
				MTL_ENABLE_DEBUG_INFO = NO;
				SDKROOT = iphoneos;
				TARGETED_DEVICE_FAMILY = "1,2";
				VALIDATE_PRODUCT = YES;
			};
			name = Release;
		};
		D6EA41E01CB4061C009A584E /* Debug */ = {
			isa = XCBuildConfiguration;
			buildSettings = {
				ASSETCATALOG_COMPILER_APPICON_NAME = AppIcon;
				INFOPLIST_FILE = BeaconXmtr/Info.plist;
				LD_RUNPATH_SEARCH_PATHS = "$(inherited) @executable_path/Frameworks";
				PRODUCT_BUNDLE_IDENTIFIER = com.imprivata.BeaconXmtr;
				PRODUCT_NAME = "$(TARGET_NAME)";
			};
			name = Debug;
		};
		D6EA41E11CB4061C009A584E /* Release */ = {
			isa = XCBuildConfiguration;
			buildSettings = {
				ASSETCATALOG_COMPILER_APPICON_NAME = AppIcon;
				INFOPLIST_FILE = BeaconXmtr/Info.plist;
				LD_RUNPATH_SEARCH_PATHS = "$(inherited) @executable_path/Frameworks";
				PRODUCT_BUNDLE_IDENTIFIER = com.imprivata.BeaconXmtr;
				PRODUCT_NAME = "$(TARGET_NAME)";
			};
			name = Release;
		};
/* End XCBuildConfiguration section */

/* Begin XCConfigurationList section */
		D6EA41C81CB4061C009A584E /* Build configuration list for PBXProject "BeaconXmtr" */ = {
			isa = XCConfigurationList;
			buildConfigurations = (
				D6EA41DD1CB4061C009A584E /* Debug */,
				D6EA41DE1CB4061C009A584E /* Release */,
			);
			defaultConfigurationIsVisible = 0;
			defaultConfigurationName = Release;
		};
		D6EA41DF1CB4061C009A584E /* Build configuration list for PBXNativeTarget "BeaconXmtr" */ = {
			isa = XCConfigurationList;
			buildConfigurations = (
				D6EA41E01CB4061C009A584E /* Debug */,
				D6EA41E11CB4061C009A584E /* Release */,
			);
			defaultConfigurationIsVisible = 0;
			defaultConfigurationName = Release;
		};
/* End XCConfigurationList section */
	};
	rootObject = D6EA41C51CB4061C009A584E /* Project object */;
}
